
Microsoft Visual Studio Solution File, Format Version 12.00
# Visual Studio Version 17
VisualStudioVersion = 17.0.31903.59
MinimumVisualStudioVersion = 10.0.40219.1
Project("{9A19103F-16F7-4668-BE54-9A1E7A4F7556}") = "Day1_CalorieCounting", "Day1_CalorieCounting\Day1_CalorieCounting.csproj", "{B9CE69C5-8A42-4F1B-8E97-4985C22A7235}"
EndProject
Project("{9A19103F-16F7-4668-BE54-9A1E7A4F7556}") = "Day2_RockPaperScissors", "Day2_RockPaperScissors\Day2_RockPaperScissors.csproj", "{CBB98222-11CE-42B2-BA98-3AE726E8DA7D}"
EndProject
Project("{9A19103F-16F7-4668-BE54-9A1E7A4F7556}") = "Day3_RucksackReorganization", "Day3_RucksackReorganization\Day3_RucksackReorganization.csproj", "{7F33AA32-8A73-4656-83B3-7A0E56DEA049}"
EndProject
Project("{FAE04EC0-301F-11D3-BF4B-00C04F79EFBC}") = "Day4_CampCleanup", "Day4_CampCleanup\Day4_CampCleanup.csproj", "{4F1508E3-A518-4687-B8DD-154BAFB57D75}"
EndProject
Global
	GlobalSection(SolutionConfigurationPlatforms) = preSolution
		Debug|Any CPU = Debug|Any CPU
		Release|Any CPU = Release|Any CPU
	EndGlobalSection
	GlobalSection(ProjectConfigurationPlatforms) = postSolution
		{B9CE69C5-8A42-4F1B-8E97-4985C22A7235}.Debug|Any CPU.ActiveCfg = Debug|Any CPU
		{B9CE69C5-8A42-4F1B-8E97-4985C22A7235}.Debug|Any CPU.Build.0 = Debug|Any CPU
		{B9CE69C5-8A42-4F1B-8E97-4985C22A7235}.Release|Any CPU.ActiveCfg = Release|Any CPU
		{B9CE69C5-8A42-4F1B-8E97-4985C22A7235}.Release|Any CPU.Build.0 = Release|Any CPU
		{CBB98222-11CE-42B2-BA98-3AE726E8DA7D}.Debug|Any CPU.ActiveCfg = Debug|Any CPU
		{CBB98222-11CE-42B2-BA98-3AE726E8DA7D}.Debug|Any CPU.Build.0 = Debug|Any CPU
		{CBB98222-11CE-42B2-BA98-3AE726E8DA7D}.Release|Any CPU.ActiveCfg = Release|Any CPU
		{CBB98222-11CE-42B2-BA98-3AE726E8DA7D}.Release|Any CPU.Build.0 = Release|Any CPU
		{7F33AA32-8A73-4656-83B3-7A0E56DEA049}.Debug|Any CPU.ActiveCfg = Debug|Any CPU
		{7F33AA32-8A73-4656-83B3-7A0E56DEA049}.Debug|Any CPU.Build.0 = Debug|Any CPU
		{7F33AA32-8A73-4656-83B3-7A0E56DEA049}.Release|Any CPU.ActiveCfg = Release|Any CPU
		{7F33AA32-8A73-4656-83B3-7A0E56DEA049}.Release|Any CPU.Build.0 = Release|Any CPU
		{4F1508E3-A518-4687-B8DD-154BAFB57D75}.Debug|Any CPU.ActiveCfg = Debug|Any CPU
		{4F1508E3-A518-4687-B8DD-154BAFB57D75}.Debug|Any CPU.Build.0 = Debug|Any CPU
		{4F1508E3-A518-4687-B8DD-154BAFB57D75}.Release|Any CPU.ActiveCfg = Release|Any CPU
		{4F1508E3-A518-4687-B8DD-154BAFB57D75}.Release|Any CPU.Build.0 = Release|Any CPU
	EndGlobalSection
	GlobalSection(SolutionProperties) = preSolution
		HideSolutionNode = FALSE
	EndGlobalSection
	GlobalSection(ExtensibilityGlobals) = postSolution
		SolutionGuid = {16C03A7E-3582-4E0B-8EA2-B33175D210F0}
	EndGlobalSection
EndGlobal
